PODS:
  - AFNetworking (4.0.1):
    - AFNetworking/NSURLSession (= 4.0.1)
    - AFNetworking/Reachability (= 4.0.1)
    - AFNetworking/Security (= 4.0.1)
    - AFNetworking/Serialization (= 4.0.1)
    - AFNetworking/UIKit (= 4.0.1)
  - AFNetworking/NSURLSession (4.0.1):
    - AFNetworking/Reachability
    - AFNetworking/Security
    - AFNetworking/Serialization
  - AFNetworking/Reachability (4.0.1)
  - AFNetworking/Security (4.0.1)
  - AFNetworking/Serialization (4.0.1)
  - AFNetworking/UIKit (4.0.1):
    - AFNetworking/NSURLSession
  - Aspects (1.4.1)
  - CocoaAsyncSocket (7.6.5)
  - JSONModel (1.8.0)
  - LNCommonKit (0.1.8):
    - AFNetworking (= 4.0.1)
    - Aspects (= 1.4.1)
    - CocoaAsyncSocket (= 7.6.5)
    - JSONModel (= 1.8.0)
    - LNCommonKit/BaseMVC (= 0.1.8)
    - LNCommonKit/Consttant (= 0.1.8)
    - LNCommonKit/CustomUIKit (= 0.1.8)
    - LNCommonKit/Foundation (= 0.1.8)
    - LNCommonKit/Log (= 0.1.8)
    - LNCommonKit/Network (= 0.1.8)
    - LNCommonKit/Router (= 0.1.8)
    - Masonry (= 1.1.0)
    - MJRefresh (= 3.7.2)
    - SDWebImage (= 5.9.5)
  - LNCommonKit/BaseMVC (0.1.8):
    - AFNetworking (= 4.0.1)
    - Aspects (= 1.4.1)
    - CocoaAsyncSocket (= 7.6.5)
    - JSONModel (= 1.8.0)
    - LNCommonKit/CustomUIKit
    - LNCommonKit/Network
    - Masonry (= 1.1.0)
    - MJRefresh (= 3.7.2)
    - SDWebImage (= 5.9.5)
  - LNCommonKit/Consttant (0.1.8):
    - AFNetworking (= 4.0.1)
    - Aspects (= 1.4.1)
    - CocoaAsyncSocket (= 7.6.5)
    - JSONModel (= 1.8.0)
    - Masonry (= 1.1.0)
    - MJRefresh (= 3.7.2)
    - SDWebImage (= 5.9.5)
  - LNCommonKit/CustomUIKit (0.1.8):
    - AFNetworking (= 4.0.1)
    - Aspects (= 1.4.1)
    - CocoaAsyncSocket (= 7.6.5)
    - JSONModel (= 1.8.0)
    - Masonry (= 1.1.0)
    - MJRefresh (= 3.7.2)
    - SDWebImage (= 5.9.5)
  - LNCommonKit/Foundation (0.1.8):
    - AFNetworking (= 4.0.1)
    - Aspects (= 1.4.1)
    - CocoaAsyncSocket (= 7.6.5)
    - JSONModel (= 1.8.0)
    - Masonry (= 1.1.0)
    - MJRefresh (= 3.7.2)
    - SDWebImage (= 5.9.5)
  - LNCommonKit/Log (0.1.8):
    - AFNetworking (= 4.0.1)
    - Aspects (= 1.4.1)
    - CocoaAsyncSocket (= 7.6.5)
    - JSONModel (= 1.8.0)
    - Masonry (= 1.1.0)
    - MJRefresh (= 3.7.2)
    - SDWebImage (= 5.9.5)
  - LNCommonKit/Network (0.1.8):
    - AFNetworking (= 4.0.1)
    - Aspects (= 1.4.1)
    - CocoaAsyncSocket (= 7.6.5)
    - JSONModel (= 1.8.0)
    - Masonry (= 1.1.0)
    - MJRefresh (= 3.7.2)
    - SDWebImage (= 5.9.5)
  - LNCommonKit/Router (0.1.8):
    - AFNetworking (= 4.0.1)
    - Aspects (= 1.4.1)
    - CocoaAsyncSocket (= 7.6.5)
    - JSONModel (= 1.8.0)
    - Masonry (= 1.1.0)
    - MJRefresh (= 3.7.2)
    - SDWebImage (= 5.9.5)
  - LNModuleCore (0.1.9)
  - LNModuleProtocol (0.1.5):
    - LNModuleCore
  - LNVideoModule (0.1.0):
    - LNCommonKit (= 0.1.8)
    - LNModuleProtocol (= 0.1.5)
    - LNVideoModule/Common (= 0.1.0)
    - LNVideoModule/Feature (= 0.1.0)
    - LNVideoModule/Mediator (= 0.1.0)
    - LNVideoModule/Network (= 0.1.0)
  - LNVideoModule/Common (0.1.0):
    - LNCommonKit (= 0.1.8)
    - LNModuleProtocol (= 0.1.5)
  - LNVideoModule/Feature (0.1.0):
    - LNCommonKit (= 0.1.8)
    - LNModuleProtocol (= 0.1.5)
    - LNVideoModule/Common
    - LNVideoModule/Network
  - LNVideoModule/Mediator (0.1.0):
    - LNCommonKit (= 0.1.8)
    - LNModuleProtocol (= 0.1.5)
    - LNVideoModule/Feature
  - LNVideoModule/Network (0.1.0):
    - LNCommonKit (= 0.1.8)
    - LNModuleProtocol (= 0.1.5)
  - Masonry (1.1.0)
  - MJRefresh (3.7.2)
  - SDWebImage (5.9.5):
    - SDWebImage/Core (= 5.9.5)
  - SDWebImage/Core (5.9.5)

DEPENDENCIES:
  - LNVideoModule (from `../`)

SPEC REPOS:
  https://github.com/CocoaPods/Specs.git:
    - Aspects
    - CocoaAsyncSocket
    - JSONModel
    - Masonry
    - SDWebImage
  https://github.com/NoNameOrganazation/LNSpec.git:
    - LNCommonKit
    - LNModuleCore
    - LNModuleProtocol
  trunk:
    - AFNetworking
    - MJRefresh

EXTERNAL SOURCES:
  LNVideoModule:
    :path: "../"

SPEC CHECKSUMS:
  AFNetworking: 7864c38297c79aaca1500c33288e429c3451fdce
  Aspects: 7595ba96a6727a58ebcbfc954497fc5d2fdde546
  CocoaAsyncSocket: 065fd1e645c7abab64f7a6a2007a48038fdc6a99
  JSONModel: 02ab723958366a3fd27da57ea2af2113658762e9
  LNCommonKit: 348c5dc55afedde4a509e1831d433bc2d3f0dccd
  LNModuleCore: d37faf840963a9ccc7e6830331e1f340d86ac866
  LNModuleProtocol: 40ae683fedbbeccf8294c064d294f98dae54a99b
  LNVideoModule: 1f41e9af5455dfa24b84d946ca45379c0c464518
  Masonry: 678fab65091a9290e40e2832a55e7ab731aad201
  MJRefresh: 30997d30b347c8e9508a4db11e3a690da0c9b85a
  SDWebImage: 0b2ba0d56479bf6a45ecddbfd5558bea93150d25

PODFILE CHECKSUM: 26f2728463348f9dace12cca93e985dcdef28d87

COCOAPODS: 1.11.3
